
Microsoft Visual Studio Solution File, Format Version 12.00
# Visual Studio Version 16
VisualStudioVersion = 16.0.30503.244
MinimumVisualStudioVersion = 10.0.40219.1
Project("{FAE04EC0-301F-11D3-BF4B-00C04F79EFBC}") = "BookStore", "BookStore\BookStore.csproj", "{2ADEB595-1667-482C-8173-D7C88559AEED}"
EndProject
Global
	GlobalSection(SolutionConfigurationPlatforms) = preSolution
		Debug|Any CPU = Debug|Any CPU
		Release|Any CPU = Release|Any CPU
	EndGlobalSection
	GlobalSection(ProjectConfigurationPlatforms) = postSolution
		{2ADEB595-1667-482C-8173-D7C88559AEED}.Debug|Any CPU.ActiveCfg = Debug|Any CPU
		{2ADEB595-1667-482C-8173-D7C88559AEED}.Debug|Any CPU.Build.0 = Debug|Any CPU
		{2ADEB595-1667-482C-8173-D7C88559AEED}.Release|Any CPU.ActiveCfg = Release|Any CPU
		{2ADEB595-1667-482C-8173-D7C88559AEED}.Release|Any CPU.Build.0 = Release|Any CPU
	EndGlobalSection
	GlobalSection(SolutionProperties) = preSolution
		HideSolutionNode = FALSE
	EndGlobalSection
	GlobalSection(ExtensibilityGlobals) = postSolution
		SolutionGuid = {8B930C25-83C5-4979-807C-EB2D76BD86E4}
	EndGlobalSection
EndGlobal
